PODS:
  - Alamofire (4.0.1)
  - FMDB (2.6.2):
    - FMDB/standard (= 2.6.2)
  - FMDB/standard (2.6.2)
  - IQKeyboardManagerSwift (4.0.6)
  - KeychainAccess (3.0.0)
  - Kingfisher (3.1.3)
  - RESideMenu (4.0.7)
  - Spring (1.0.3)
  - SwiftyJSON (3.1.0)
  - UITableView+FDTemplateLayoutCell (1.5.beta)
  - XCGLogger (4.0.0):
    - XCGLogger/Core (= 4.0.0)
  - XCGLogger/Core (4.0.0)

DEPENDENCIES:
  - Alamofire (= 4.0.1)
  - FMDB (= 2.6.2)
  - IQKeyboardManagerSwift (= 4.0.6)
  - KeychainAccess (= 3.0.0)
  - Kingfisher (= 3.1.3)
  - RESideMenu (= 4.0.7)
  - Spring (from `https://github.com/MengTo/Spring.git`, branch `swift3`)
  - SwiftyJSON (= 3.1.0)
  - UITableView+FDTemplateLayoutCell (= 1.5.beta)
  - XCGLogger (= 4.0.0)

EXTERNAL SOURCES:
  Spring:
    :branch: swift3
    :git: https://github.com/MengTo/Spring.git

CHECKOUT OPTIONS:
  Spring:
    :commit: 3a9227c6e9157e7b47f5ac1ee5abab2a56b50002
    :git: https://github.com/MengTo/Spring.git

SPEC CHECKSUMS:
  Alamofire: 7682d43245de14874acd142ec137b144aa1dd335
  FMDB: 854a0341b4726e53276f2a8996f06f1b80f9259a
  IQKeyboardManagerSwift: b3015e819559ca76381f87a0833f44d178564603
  KeychainAccess: 412bf2650d9aebfc8135a58103b90ec38caad7f8
  Kingfisher: 007f5851c18c81e7cc106c9cbac1bafea1cce5dc
  RESideMenu: f24c508404b49c667344c54aba7e590883533958
  Spring: 3f02b5dc3308572ef177b3cad0fa7bbc4b0706f7
  SwiftyJSON: 29b9f2a64f118c07e691667c2ba1efe536acfe0b
  UITableView+FDTemplateLayoutCell: 02b508ab1cb4cea16a8c17ac83d2cd1fd72124f9
  XCGLogger: 38063ea89b4c8b23232d18efd2e12eb0005f3ea4

PODFILE CHECKSUM: 472c53ad859d0bff1e91d80c5e2b4899308dc1a7

COCOAPODS: 1.1.0.rc.3
